Microsoft Visual Studio Solution File, Format Version 12.00
# Visual Studio 15
VisualStudioVersion = 15.0.26124.0
MinimumVisualStudioVersion = 15.0.26124.0
Project("{2150E333-8FDC-42A3-9474-1A3956D46DE8}") = "src", "src", "{420FA7D9-5689-4C91-80A6-702AFADF08AC}"
EndProject
Project("{9A19103F-16F7-4668-BE54-9A1E7A4F7556}") = "MessagePack.FSharpExtensions", "src\MessagePack.FSharpExtensions\MessagePack.FSharpExtensions.csproj", "{17A1F405-138E-439F-A8E1-70F20E44A36F}"
EndProject
Project("{2150E333-8FDC-42A3-9474-1A3956D46DE8}") = "tests", "tests", "{D6B163A5-CCBD-44B3-A97F-151A25241DF6}"
EndProject
Project("{9A19103F-16F7-4668-BE54-9A1E7A4F7556}") = "MessagePack.FSharpExtensions.Tests", "tests\MessagePack.FSharpExtensions.Tests\MessagePack.FSharpExtensions.Tests.fsproj", "{4FE39CF9-CEC0-4ABE-9965-96662D89EFEC}"
EndProject
Project("{9A19103F-16F7-4668-BE54-9A1E7A4F7556}") = "MessagePack.FSharpExtensions.NET.Tests", "tests\MessagePack.FSharpExtensions.NET.Tests\MessagePack.FSharpExtensions.NET.Tests.fsproj", "{BEDA08F8-4265-4584-A087-DA39658607A2}"
EndProject
Project("{2150E333-8FDC-42A3-9474-1A3956D46DE8}") = "sandbox", "sandbox", "{3722C84F-8F1C-4C5B-AFB5-EACF3F533383}"
EndProject
Project("{9A19103F-16F7-4668-BE54-9A1E7A4F7556}") = "BenchmarkCS", "sandbox\BenchmarkCS\BenchmarkCS.csproj", "{E6778008-2BDB-4BD4-8405-99A04B6F2186}"
EndProject
Project("{9A19103F-16F7-4668-BE54-9A1E7A4F7556}") = "Benchmark", "sandbox\Benchmark\Benchmark.fsproj", "{E3373CE8-8047-471A-BF57-40B7AC6775C5}"
EndProject
Global
	GlobalSection(SolutionConfigurationPlatforms) = preSolution
		Debug|Any CPU = Debug|Any CPU
		Debug|x64 = Debug|x64
		Debug|x86 = Debug|x86
		Release|Any CPU = Release|Any CPU
		Release|x64 = Release|x64
		Release|x86 = Release|x86
	EndGlobalSection
	GlobalSection(ProjectConfigurationPlatforms) = postSolution
		{17A1F405-138E-439F-A8E1-70F20E44A36F}.Debug|Any CPU.ActiveCfg = Debug|Any CPU
		{17A1F405-138E-439F-A8E1-70F20E44A36F}.Debug|Any CPU.Build.0 = Debug|Any CPU
		{17A1F405-138E-439F-A8E1-70F20E44A36F}.Debug|x64.ActiveCfg = Debug|Any CPU
		{17A1F405-138E-439F-A8E1-70F20E44A36F}.Debug|x64.Build.0 = Debug|Any CPU
		{17A1F405-138E-439F-A8E1-70F20E44A36F}.Debug|x86.ActiveCfg = Debug|Any CPU
		{17A1F405-138E-439F-A8E1-70F20E44A36F}.Debug|x86.Build.0 = Debug|Any CPU
		{17A1F405-138E-439F-A8E1-70F20E44A36F}.Release|Any CPU.ActiveCfg = Release|Any CPU
		{17A1F405-138E-439F-A8E1-70F20E44A36F}.Release|Any CPU.Build.0 = Release|Any CPU
		{17A1F405-138E-439F-A8E1-70F20E44A36F}.Release|x64.ActiveCfg = Release|Any CPU
		{17A1F405-138E-439F-A8E1-70F20E44A36F}.Release|x64.Build.0 = Release|Any CPU
		{17A1F405-138E-439F-A8E1-70F20E44A36F}.Release|x86.ActiveCfg = Release|Any CPU
		{17A1F405-138E-439F-A8E1-70F20E44A36F}.Release|x86.Build.0 = Release|Any CPU
		{4FE39CF9-CEC0-4ABE-9965-96662D89EFEC}.Debug|Any CPU.ActiveCfg = Debug|Any CPU
		{4FE39CF9-CEC0-4ABE-9965-96662D89EFEC}.Debug|Any CPU.Build.0 = Debug|Any CPU
		{4FE39CF9-CEC0-4ABE-9965-96662D89EFEC}.Debug|x64.ActiveCfg = Debug|Any CPU
		{4FE39CF9-CEC0-4ABE-9965-96662D89EFEC}.Debug|x64.Build.0 = Debug|Any CPU
		{4FE39CF9-CEC0-4ABE-9965-96662D89EFEC}.Debug|x86.ActiveCfg = Debug|Any CPU
		{4FE39CF9-CEC0-4ABE-9965-96662D89EFEC}.Debug|x86.Build.0 = Debug|Any CPU
		{4FE39CF9-CEC0-4ABE-9965-96662D89EFEC}.Release|Any CPU.ActiveCfg = Release|Any CPU
		{4FE39CF9-CEC0-4ABE-9965-96662D89EFEC}.Release|Any CPU.Build.0 = Release|Any CPU
		{4FE39CF9-CEC0-4ABE-9965-96662D89EFEC}.Release|x64.ActiveCfg = Release|Any CPU
		{4FE39CF9-CEC0-4ABE-9965-96662D89EFEC}.Release|x64.Build.0 = Release|Any CPU
		{4FE39CF9-CEC0-4ABE-9965-96662D89EFEC}.Release|x86.ActiveCfg = Release|Any CPU
		{4FE39CF9-CEC0-4ABE-9965-96662D89EFEC}.Release|x86.Build.0 = Release|Any CPU
		{BEDA08F8-4265-4584-A087-DA39658607A2}.Debug|Any CPU.ActiveCfg = Debug|Any CPU
		{BEDA08F8-4265-4584-A087-DA39658607A2}.Debug|Any CPU.Build.0 = Debug|Any CPU
		{BEDA08F8-4265-4584-A087-DA39658607A2}.Debug|x64.ActiveCfg = Debug|Any CPU
		{BEDA08F8-4265-4584-A087-DA39658607A2}.Debug|x64.Build.0 = Debug|Any CPU
		{BEDA08F8-4265-4584-A087-DA39658607A2}.Debug|x86.ActiveCfg = Debug|Any CPU
		{BEDA08F8-4265-4584-A087-DA39658607A2}.Debug|x86.Build.0 = Debug|Any CPU
		{BEDA08F8-4265-4584-A087-DA39658607A2}.Release|Any CPU.ActiveCfg = Release|Any CPU
		{BEDA08F8-4265-4584-A087-DA39658607A2}.Release|Any CPU.Build.0 = Release|Any CPU
		{BEDA08F8-4265-4584-A087-DA39658607A2}.Release|x64.ActiveCfg = Release|Any CPU
		{BEDA08F8-4265-4584-A087-DA39658607A2}.Release|x64.Build.0 = Release|Any CPU
		{BEDA08F8-4265-4584-A087-DA39658607A2}.Release|x86.ActiveCfg = Release|Any CPU
		{BEDA08F8-4265-4584-A087-DA39658607A2}.Release|x86.Build.0 = Release|Any CPU
		{E6778008-2BDB-4BD4-8405-99A04B6F2186}.Debug|Any CPU.ActiveCfg = Debug|Any CPU
		{E6778008-2BDB-4BD4-8405-99A04B6F2186}.Debug|Any CPU.Build.0 = Debug|Any CPU
		{E6778008-2BDB-4BD4-8405-99A04B6F2186}.Debug|x64.ActiveCfg = Debug|Any CPU
		{E6778008-2BDB-4BD4-8405-99A04B6F2186}.Debug|x64.Build.0 = Debug|Any CPU
		{E6778008-2BDB-4BD4-8405-99A04B6F2186}.Debug|x86.ActiveCfg = Debug|Any CPU
		{E6778008-2BDB-4BD4-8405-99A04B6F2186}.Debug|x86.Build.0 = Debug|Any CPU
		{E6778008-2BDB-4BD4-8405-99A04B6F2186}.Release|Any CPU.ActiveCfg = Release|Any CPU
		{E6778008-2BDB-4BD4-8405-99A04B6F2186}.Release|Any CPU.Build.0 = Release|Any CPU
		{E6778008-2BDB-4BD4-8405-99A04B6F2186}.Release|x64.ActiveCfg = Release|Any CPU
		{E6778008-2BDB-4BD4-8405-99A04B6F2186}.Release|x64.Build.0 = Release|Any CPU
		{E6778008-2BDB-4BD4-8405-99A04B6F2186}.Release|x86.ActiveCfg = Release|Any CPU
		{E6778008-2BDB-4BD4-8405-99A04B6F2186}.Release|x86.Build.0 = Release|Any CPU
		{E3373CE8-8047-471A-BF57-40B7AC6775C5}.Debug|Any CPU.ActiveCfg = Debug|Any CPU
		{E3373CE8-8047-471A-BF57-40B7AC6775C5}.Debug|Any CPU.Build.0 = Debug|Any CPU
		{E3373CE8-8047-471A-BF57-40B7AC6775C5}.Debug|x64.ActiveCfg = Debug|Any CPU
		{E3373CE8-8047-471A-BF57-40B7AC6775C5}.Debug|x64.Build.0 = Debug|Any CPU
		{E3373CE8-8047-471A-BF57-40B7AC6775C5}.Debug|x86.ActiveCfg = Debug|Any CPU
		{E3373CE8-8047-471A-BF57-40B7AC6775C5}.Debug|x86.Build.0 = Debug|Any CPU
		{E3373CE8-8047-471A-BF57-40B7AC6775C5}.Release|Any CPU.ActiveCfg = Release|Any CPU
		{E3373CE8-8047-471A-BF57-40B7AC6775C5}.Release|Any CPU.Build.0 = Release|Any CPU
		{E3373CE8-8047-471A-BF57-40B7AC6775C5}.Release|x64.ActiveCfg = Release|Any CPU
		{E3373CE8-8047-471A-BF57-40B7AC6775C5}.Release|x64.Build.0 = Release|Any CPU
		{E3373CE8-8047-471A-BF57-40B7AC6775C5}.Release|x86.ActiveCfg = Release|Any CPU
		{E3373CE8-8047-471A-BF57-40B7AC6775C5}.Release|x86.Build.0 = Release|Any CPU
	EndGlobalSection
	GlobalSection(SolutionProperties) = preSolution
		HideSolutionNode = FALSE
	EndGlobalSection
	GlobalSection(NestedProjects) = preSolution
		{17A1F405-138E-439F-A8E1-70F20E44A36F} = {420FA7D9-5689-4C91-80A6-702AFADF08AC}
		{4FE39CF9-CEC0-4ABE-9965-96662D89EFEC} = {D6B163A5-CCBD-44B3-A97F-151A25241DF6}
		{BEDA08F8-4265-4584-A087-DA39658607A2} = {D6B163A5-CCBD-44B3-A97F-151A25241DF6}
		{E6778008-2BDB-4BD4-8405-99A04B6F2186} = {3722C84F-8F1C-4C5B-AFB5-EACF3F533383}
		{E3373CE8-8047-471A-BF57-40B7AC6775C5} = {3722C84F-8F1C-4C5B-AFB5-EACF3F533383}
	EndGlobalSection
	GlobalSection(ExtensibilityGlobals) = postSolution
		SolutionGuid = {DD9405F0-C348-4D21-B03B-60353C583452}
	EndGlobalSection
EndGlobal
