Microsoft Visual Studio Solution File, Format Version 12.00
# Visual Studio 15
VisualStudioVersion = 15.0.26124.0
MinimumVisualStudioVersion = 15.0.26124.0
Project("{2150E333-8FDC-42A3-9474-1A3956D46DE8}") = "src", "src", "{420FA7D9-5689-4C91-80A6-702AFADF08AC}"
EndProject
Project("{9A19103F-16F7-4668-BE54-9A1E7A4F7556}") = "MessagePack.FSharpExtensions", "src\MessagePack.FSharpExtensions\MessagePack.FSharpExtensions.csproj", "{17A1F405-138E-439F-A8E1-70F20E44A36F}"
EndProject
Project("{2150E333-8FDC-42A3-9474-1A3956D46DE8}") = "tests", "tests", "{D6B163A5-CCBD-44B3-A97F-151A25241DF6}"
EndProject
Project("{9A19103F-16F7-4668-BE54-9A1E7A4F7556}") = "MessagePack.FSharpExtensions.Tests", "tests\MessagePack.FSharpExtensions.Tests\MessagePack.FSharpExtensions.Tests.fsproj", "{4FE39CF9-CEC0-4ABE-9965-96662D89EFEC}"
EndProject
Global
	GlobalSection(SolutionConfigurationPlatforms) = preSolution
		Debug|Any CPU = Debug|Any CPU
		Debug|x64 = Debug|x64
		Debug|x86 = Debug|x86
		Release|Any CPU = Release|Any CPU
		Release|x64 = Release|x64
		Release|x86 = Release|x86
	EndGlobalSection
	GlobalSection(ProjectConfigurationPlatforms) = postSolution
		{17A1F405-138E-439F-A8E1-70F20E44A36F}.Debug|Any CPU.ActiveCfg = Debug|Any CPU
		{17A1F405-138E-439F-A8E1-70F20E44A36F}.Debug|Any CPU.Build.0 = Debug|Any CPU
		{17A1F405-138E-439F-A8E1-70F20E44A36F}.Debug|x64.ActiveCfg = Debug|Any CPU
		{17A1F405-138E-439F-A8E1-70F20E44A36F}.Debug|x64.Build.0 = Debug|Any CPU
		{17A1F405-138E-439F-A8E1-70F20E44A36F}.Debug|x86.ActiveCfg = Debug|Any CPU
		{17A1F405-138E-439F-A8E1-70F20E44A36F}.Debug|x86.Build.0 = Debug|Any CPU
		{17A1F405-138E-439F-A8E1-70F20E44A36F}.Release|Any CPU.ActiveCfg = Release|Any CPU
		{17A1F405-138E-439F-A8E1-70F20E44A36F}.Release|Any CPU.Build.0 = Release|Any CPU
		{17A1F405-138E-439F-A8E1-70F20E44A36F}.Release|x64.ActiveCfg = Release|Any CPU
		{17A1F405-138E-439F-A8E1-70F20E44A36F}.Release|x64.Build.0 = Release|Any CPU
		{17A1F405-138E-439F-A8E1-70F20E44A36F}.Release|x86.ActiveCfg = Release|Any CPU
		{17A1F405-138E-439F-A8E1-70F20E44A36F}.Release|x86.Build.0 = Release|Any CPU
		{4FE39CF9-CEC0-4ABE-9965-96662D89EFEC}.Debug|Any CPU.ActiveCfg = Debug|Any CPU
		{4FE39CF9-CEC0-4ABE-9965-96662D89EFEC}.Debug|Any CPU.Build.0 = Debug|Any CPU
		{4FE39CF9-CEC0-4ABE-9965-96662D89EFEC}.Debug|x64.ActiveCfg = Debug|Any CPU
		{4FE39CF9-CEC0-4ABE-9965-96662D89EFEC}.Debug|x64.Build.0 = Debug|Any CPU
		{4FE39CF9-CEC0-4ABE-9965-96662D89EFEC}.Debug|x86.ActiveCfg = Debug|Any CPU
		{4FE39CF9-CEC0-4ABE-9965-96662D89EFEC}.Debug|x86.Build.0 = Debug|Any CPU
		{4FE39CF9-CEC0-4ABE-9965-96662D89EFEC}.Release|Any CPU.ActiveCfg = Release|Any CPU
		{4FE39CF9-CEC0-4ABE-9965-96662D89EFEC}.Release|Any CPU.Build.0 = Release|Any CPU
		{4FE39CF9-CEC0-4ABE-9965-96662D89EFEC}.Release|x64.ActiveCfg = Release|Any CPU
		{4FE39CF9-CEC0-4ABE-9965-96662D89EFEC}.Release|x64.Build.0 = Release|Any CPU
		{4FE39CF9-CEC0-4ABE-9965-96662D89EFEC}.Release|x86.ActiveCfg = Release|Any CPU
		{4FE39CF9-CEC0-4ABE-9965-96662D89EFEC}.Release|x86.Build.0 = Release|Any CPU
	EndGlobalSection
	GlobalSection(SolutionProperties) = preSolution
		HideSolutionNode = FALSE
	EndGlobalSection
	GlobalSection(NestedProjects) = preSolution
		{17A1F405-138E-439F-A8E1-70F20E44A36F} = {420FA7D9-5689-4C91-80A6-702AFADF08AC}
		{4FE39CF9-CEC0-4ABE-9965-96662D89EFEC} = {D6B163A5-CCBD-44B3-A97F-151A25241DF6}
	EndGlobalSection
	GlobalSection(ExtensibilityGlobals) = postSolution
		SolutionGuid = {DD9405F0-C348-4D21-B03B-60353C583452}
	EndGlobalSection
EndGlobal
